
Microsoft Visual Studio Solution File, Format Version 12.00
# Visual Studio Version 17
VisualStudioVersion = 17.10.35004.147
MinimumVisualStudioVersion = 10.0.40219.1
Project("{2150E333-8FDC-42A3-9474-1A3956D46DE8}") = "Services", "Services", "{03BB38D9-C481-4E68-A454-16FC04167F5B}"
EndProject
Project("{2150E333-8FDC-42A3-9474-1A3956D46DE8}") = "Catalog", "Catalog", "{97E8359F-C00C-4C2D-9F4C-EF5A0E3C455A}"
EndProject
Project("{9A19103F-16F7-4668-BE54-9A1E7A4F7556}") = "Catalog.API", "Catalog.API\Catalog.API.csproj", "{026613F6-8AF6-4DE5-86BA-81353203A839}"
EndProject
Project("{9A19103F-16F7-4668-BE54-9A1E7A4F7556}") = "Catalog.Core", "Catalog.Core\Catalog.Core.csproj", "{DEC9385D-EA8E-487D-B857-2858327C2AE7}"
EndProject
Project("{9A19103F-16F7-4668-BE54-9A1E7A4F7556}") = "Catalog.Application", "Catalog.Application\Catalog.Application.csproj", "{D208599C-3FB7-4F20-B6D6-60EAD6C74AEA}"
EndProject
Project("{9A19103F-16F7-4668-BE54-9A1E7A4F7556}") = "Catalog.Infrastructure", "Catalog.Infrastructure\Catalog.Infrastructure.csproj", "{0E36606C-C3DD-4265-B66E-3D961FC10E65}"
EndProject
Project("{2150E333-8FDC-42A3-9474-1A3956D46DE8}") = "Libraries", "Libraries", "{9E8E6F41-17E2-487E-A1F3-165E63694C21}"
EndProject
Project("{9A19103F-16F7-4668-BE54-9A1E7A4F7556}") = "Data.Repositories", "Data.Repositories\Data.Repositories.csproj", "{CC879FA5-8A90-4C9B-B77D-42C1289A74BA}"
EndProject
Project("{9A19103F-16F7-4668-BE54-9A1E7A4F7556}") = "Cache.Repositories", "Cache.Repositories\Cache.Repositories.csproj", "{3F05D5A7-E1F3-4870-AFAB-A81D3A503FED}"
EndProject
Project("{9A19103F-16F7-4668-BE54-9A1E7A4F7556}") = "Cache.UnitOfWork", "Cache.UnitOfWork.Redis\Cache.UnitOfWork.csproj", "{D4E45036-E9C3-41B5-9BB4-EBDA79745E48}"
EndProject
Project("{E53339B2-1760-4266-BCC7-CA923CBCF16C}") = "docker-compose", "docker-compose.dcproj", "{EFA9645B-05F5-4C5F-A513-0C2CD211E5EA}"
EndProject
Project("{2150E333-8FDC-42A3-9474-1A3956D46DE8}") = "Basket", "Basket", "{8270E945-A87F-44AB-A748-1FE2E5646EDE}"
EndProject
Project("{9A19103F-16F7-4668-BE54-9A1E7A4F7556}") = "Basket.API", "Basket.API\Basket.API.csproj", "{B0373E7E-36B2-44CD-A156-59E92C4A643F}"
EndProject
Project("{9A19103F-16F7-4668-BE54-9A1E7A4F7556}") = "Basket.Application", "Basket.Application\Basket.Application.csproj", "{8E27B04E-10A7-4477-AA3E-46D0C3FB7B07}"
EndProject
Project("{9A19103F-16F7-4668-BE54-9A1E7A4F7556}") = "Basket.Core", "Basket.Core\Basket.Core.csproj", "{7C80E538-26EA-497E-B2BF-BF463EFF9F78}"
EndProject
Project("{9A19103F-16F7-4668-BE54-9A1E7A4F7556}") = "Basket.Infrastructure", "Basket.Infrastructure\Basket.Infrastructure.csproj", "{793CA982-7E31-4566-84F2-DB88E2EC3A9A}"
EndProject
Project("{2150E333-8FDC-42A3-9474-1A3956D46DE8}") = "Discount", "Discount", "{932D4CAD-1D1A-44EB-98E7-1F6B12981BBB}"
EndProject
Project("{FAE04EC0-301F-11D3-BF4B-00C04F79EFBC}") = "Discount.Core", "Discount.Core\Discount.Core.csproj", "{C7CDB329-FF39-403A-9FEE-126937ADC5EE}"
EndProject
Project("{FAE04EC0-301F-11D3-BF4B-00C04F79EFBC}") = "Discount.Application", "Discount.Application\Discount.Application.csproj", "{B371ED1C-548A-4E1F-877A-5D0DB6B2EF2F}"
EndProject
Project("{FAE04EC0-301F-11D3-BF4B-00C04F79EFBC}") = "Discount.Infrastructure", "Discount.Infrastructure\Discount.Infrastructure.csproj", "{2C8E985D-8136-49E3-B5A7-EDBF37E25C88}"
EndProject
Project("{FAE04EC0-301F-11D3-BF4B-00C04F79EFBC}") = "Discount.API", "Discount.API\Discount.API.csproj", "{4DC15744-6E31-4E5B-B110-A894F49AEE06}"
EndProject
Global
	GlobalSection(SolutionConfigurationPlatforms) = preSolution
		Debug|Any CPU = Debug|Any CPU
		Release|Any CPU = Release|Any CPU
	EndGlobalSection
	GlobalSection(ProjectConfigurationPlatforms) = postSolution
		{026613F6-8AF6-4DE5-86BA-81353203A839}.Debug|Any CPU.ActiveCfg = Debug|Any CPU
		{026613F6-8AF6-4DE5-86BA-81353203A839}.Debug|Any CPU.Build.0 = Debug|Any CPU
		{026613F6-8AF6-4DE5-86BA-81353203A839}.Release|Any CPU.ActiveCfg = Release|Any CPU
		{026613F6-8AF6-4DE5-86BA-81353203A839}.Release|Any CPU.Build.0 = Release|Any CPU
		{DEC9385D-EA8E-487D-B857-2858327C2AE7}.Debug|Any CPU.ActiveCfg = Debug|Any CPU
		{DEC9385D-EA8E-487D-B857-2858327C2AE7}.Debug|Any CPU.Build.0 = Debug|Any CPU
		{DEC9385D-EA8E-487D-B857-2858327C2AE7}.Release|Any CPU.ActiveCfg = Release|Any CPU
		{DEC9385D-EA8E-487D-B857-2858327C2AE7}.Release|Any CPU.Build.0 = Release|Any CPU
		{D208599C-3FB7-4F20-B6D6-60EAD6C74AEA}.Debug|Any CPU.ActiveCfg = Debug|Any CPU
		{D208599C-3FB7-4F20-B6D6-60EAD6C74AEA}.Debug|Any CPU.Build.0 = Debug|Any CPU
		{D208599C-3FB7-4F20-B6D6-60EAD6C74AEA}.Release|Any CPU.ActiveCfg = Release|Any CPU
		{D208599C-3FB7-4F20-B6D6-60EAD6C74AEA}.Release|Any CPU.Build.0 = Release|Any CPU
		{0E36606C-C3DD-4265-B66E-3D961FC10E65}.Debug|Any CPU.ActiveCfg = Debug|Any CPU
		{0E36606C-C3DD-4265-B66E-3D961FC10E65}.Debug|Any CPU.Build.0 = Debug|Any CPU
		{0E36606C-C3DD-4265-B66E-3D961FC10E65}.Release|Any CPU.ActiveCfg = Release|Any CPU
		{0E36606C-C3DD-4265-B66E-3D961FC10E65}.Release|Any CPU.Build.0 = Release|Any CPU
		{CC879FA5-8A90-4C9B-B77D-42C1289A74BA}.Debug|Any CPU.ActiveCfg = Debug|Any CPU
		{CC879FA5-8A90-4C9B-B77D-42C1289A74BA}.Debug|Any CPU.Build.0 = Debug|Any CPU
		{CC879FA5-8A90-4C9B-B77D-42C1289A74BA}.Release|Any CPU.ActiveCfg = Release|Any CPU
		{CC879FA5-8A90-4C9B-B77D-42C1289A74BA}.Release|Any CPU.Build.0 = Release|Any CPU
		{3F05D5A7-E1F3-4870-AFAB-A81D3A503FED}.Debug|Any CPU.ActiveCfg = Debug|Any CPU
		{3F05D5A7-E1F3-4870-AFAB-A81D3A503FED}.Debug|Any CPU.Build.0 = Debug|Any CPU
		{3F05D5A7-E1F3-4870-AFAB-A81D3A503FED}.Release|Any CPU.ActiveCfg = Release|Any CPU
		{3F05D5A7-E1F3-4870-AFAB-A81D3A503FED}.Release|Any CPU.Build.0 = Release|Any CPU
		{D4E45036-E9C3-41B5-9BB4-EBDA79745E48}.Debug|Any CPU.ActiveCfg = Debug|Any CPU
		{D4E45036-E9C3-41B5-9BB4-EBDA79745E48}.Debug|Any CPU.Build.0 = Debug|Any CPU
		{D4E45036-E9C3-41B5-9BB4-EBDA79745E48}.Release|Any CPU.ActiveCfg = Release|Any CPU
		{D4E45036-E9C3-41B5-9BB4-EBDA79745E48}.Release|Any CPU.Build.0 = Release|Any CPU
		{EFA9645B-05F5-4C5F-A513-0C2CD211E5EA}.Debug|Any CPU.ActiveCfg = Debug|Any CPU
		{EFA9645B-05F5-4C5F-A513-0C2CD211E5EA}.Debug|Any CPU.Build.0 = Debug|Any CPU
		{EFA9645B-05F5-4C5F-A513-0C2CD211E5EA}.Release|Any CPU.ActiveCfg = Release|Any CPU
		{EFA9645B-05F5-4C5F-A513-0C2CD211E5EA}.Release|Any CPU.Build.0 = Release|Any CPU
		{B0373E7E-36B2-44CD-A156-59E92C4A643F}.Debug|Any CPU.ActiveCfg = Debug|Any CPU
		{B0373E7E-36B2-44CD-A156-59E92C4A643F}.Debug|Any CPU.Build.0 = Debug|Any CPU
		{B0373E7E-36B2-44CD-A156-59E92C4A643F}.Release|Any CPU.ActiveCfg = Release|Any CPU
		{B0373E7E-36B2-44CD-A156-59E92C4A643F}.Release|Any CPU.Build.0 = Release|Any CPU
		{8E27B04E-10A7-4477-AA3E-46D0C3FB7B07}.Debug|Any CPU.ActiveCfg = Debug|Any CPU
		{8E27B04E-10A7-4477-AA3E-46D0C3FB7B07}.Debug|Any CPU.Build.0 = Debug|Any CPU
		{8E27B04E-10A7-4477-AA3E-46D0C3FB7B07}.Release|Any CPU.ActiveCfg = Release|Any CPU
		{8E27B04E-10A7-4477-AA3E-46D0C3FB7B07}.Release|Any CPU.Build.0 = Release|Any CPU
		{7C80E538-26EA-497E-B2BF-BF463EFF9F78}.Debug|Any CPU.ActiveCfg = Debug|Any CPU
		{7C80E538-26EA-497E-B2BF-BF463EFF9F78}.Debug|Any CPU.Build.0 = Debug|Any CPU
		{7C80E538-26EA-497E-B2BF-BF463EFF9F78}.Release|Any CPU.ActiveCfg = Release|Any CPU
		{7C80E538-26EA-497E-B2BF-BF463EFF9F78}.Release|Any CPU.Build.0 = Release|Any CPU
		{793CA982-7E31-4566-84F2-DB88E2EC3A9A}.Debug|Any CPU.ActiveCfg = Debug|Any CPU
		{793CA982-7E31-4566-84F2-DB88E2EC3A9A}.Debug|Any CPU.Build.0 = Debug|Any CPU
		{793CA982-7E31-4566-84F2-DB88E2EC3A9A}.Release|Any CPU.ActiveCfg = Release|Any CPU
		{793CA982-7E31-4566-84F2-DB88E2EC3A9A}.Release|Any CPU.Build.0 = Release|Any CPU
		{C7CDB329-FF39-403A-9FEE-126937ADC5EE}.Debug|Any CPU.ActiveCfg = Debug|Any CPU
		{C7CDB329-FF39-403A-9FEE-126937ADC5EE}.Debug|Any CPU.Build.0 = Debug|Any CPU
		{C7CDB329-FF39-403A-9FEE-126937ADC5EE}.Release|Any CPU.ActiveCfg = Release|Any CPU
		{C7CDB329-FF39-403A-9FEE-126937ADC5EE}.Release|Any CPU.Build.0 = Release|Any CPU
		{B371ED1C-548A-4E1F-877A-5D0DB6B2EF2F}.Debug|Any CPU.ActiveCfg = Debug|Any CPU
		{B371ED1C-548A-4E1F-877A-5D0DB6B2EF2F}.Debug|Any CPU.Build.0 = Debug|Any CPU
		{B371ED1C-548A-4E1F-877A-5D0DB6B2EF2F}.Release|Any CPU.ActiveCfg = Release|Any CPU
		{B371ED1C-548A-4E1F-877A-5D0DB6B2EF2F}.Release|Any CPU.Build.0 = Release|Any CPU
		{2C8E985D-8136-49E3-B5A7-EDBF37E25C88}.Debug|Any CPU.ActiveCfg = Debug|Any CPU
		{2C8E985D-8136-49E3-B5A7-EDBF37E25C88}.Debug|Any CPU.Build.0 = Debug|Any CPU
		{2C8E985D-8136-49E3-B5A7-EDBF37E25C88}.Release|Any CPU.ActiveCfg = Release|Any CPU
		{2C8E985D-8136-49E3-B5A7-EDBF37E25C88}.Release|Any CPU.Build.0 = Release|Any CPU
		{4DC15744-6E31-4E5B-B110-A894F49AEE06}.Debug|Any CPU.ActiveCfg = Debug|Any CPU
		{4DC15744-6E31-4E5B-B110-A894F49AEE06}.Debug|Any CPU.Build.0 = Debug|Any CPU
		{4DC15744-6E31-4E5B-B110-A894F49AEE06}.Release|Any CPU.ActiveCfg = Release|Any CPU
		{4DC15744-6E31-4E5B-B110-A894F49AEE06}.Release|Any CPU.Build.0 = Release|Any CPU
	EndGlobalSection
	GlobalSection(SolutionProperties) = preSolution
		HideSolutionNode = FALSE
	EndGlobalSection
	GlobalSection(NestedProjects) = preSolution
		{97E8359F-C00C-4C2D-9F4C-EF5A0E3C455A} = {03BB38D9-C481-4E68-A454-16FC04167F5B}
		{026613F6-8AF6-4DE5-86BA-81353203A839} = {97E8359F-C00C-4C2D-9F4C-EF5A0E3C455A}
		{DEC9385D-EA8E-487D-B857-2858327C2AE7} = {97E8359F-C00C-4C2D-9F4C-EF5A0E3C455A}
		{D208599C-3FB7-4F20-B6D6-60EAD6C74AEA} = {97E8359F-C00C-4C2D-9F4C-EF5A0E3C455A}
		{0E36606C-C3DD-4265-B66E-3D961FC10E65} = {97E8359F-C00C-4C2D-9F4C-EF5A0E3C455A}
		{CC879FA5-8A90-4C9B-B77D-42C1289A74BA} = {9E8E6F41-17E2-487E-A1F3-165E63694C21}
		{3F05D5A7-E1F3-4870-AFAB-A81D3A503FED} = {9E8E6F41-17E2-487E-A1F3-165E63694C21}
		{D4E45036-E9C3-41B5-9BB4-EBDA79745E48} = {9E8E6F41-17E2-487E-A1F3-165E63694C21}
		{8270E945-A87F-44AB-A748-1FE2E5646EDE} = {03BB38D9-C481-4E68-A454-16FC04167F5B}
		{B0373E7E-36B2-44CD-A156-59E92C4A643F} = {8270E945-A87F-44AB-A748-1FE2E5646EDE}
		{8E27B04E-10A7-4477-AA3E-46D0C3FB7B07} = {8270E945-A87F-44AB-A748-1FE2E5646EDE}
		{7C80E538-26EA-497E-B2BF-BF463EFF9F78} = {8270E945-A87F-44AB-A748-1FE2E5646EDE}
		{793CA982-7E31-4566-84F2-DB88E2EC3A9A} = {8270E945-A87F-44AB-A748-1FE2E5646EDE}
		{932D4CAD-1D1A-44EB-98E7-1F6B12981BBB} = {03BB38D9-C481-4E68-A454-16FC04167F5B}
		{C7CDB329-FF39-403A-9FEE-126937ADC5EE} = {932D4CAD-1D1A-44EB-98E7-1F6B12981BBB}
		{B371ED1C-548A-4E1F-877A-5D0DB6B2EF2F} = {932D4CAD-1D1A-44EB-98E7-1F6B12981BBB}
		{2C8E985D-8136-49E3-B5A7-EDBF37E25C88} = {932D4CAD-1D1A-44EB-98E7-1F6B12981BBB}
		{4DC15744-6E31-4E5B-B110-A894F49AEE06} = {932D4CAD-1D1A-44EB-98E7-1F6B12981BBB}
	EndGlobalSection
	GlobalSection(ExtensibilityGlobals) = postSolution
		SolutionGuid = {8C725E23-CD54-4600-9DE7-67837E486BA6}
	EndGlobalSection
EndGlobal
