
Microsoft Visual Studio Solution File, Format Version 12.00
# Visual Studio Version 17
VisualStudioVersion = 17.10.35004.147
MinimumVisualStudioVersion = 10.0.40219.1
Project("{2150E333-8FDC-42A3-9474-1A3956D46DE8}") = "Services", "Services", "{03BB38D9-C481-4E68-A454-16FC04167F5B}"
EndProject
Project("{2150E333-8FDC-42A3-9474-1A3956D46DE8}") = "Catalog", "Catalog", "{97E8359F-C00C-4C2D-9F4C-EF5A0E3C455A}"
EndProject
Project("{2150E333-8FDC-42A3-9474-1A3956D46DE8}") = "Libraries", "Libraries", "{9E8E6F41-17E2-487E-A1F3-165E63694C21}"
EndProject
Project("{E53339B2-1760-4266-BCC7-CA923CBCF16C}") = "docker-compose", "docker-compose.dcproj", "{EFA9645B-05F5-4C5F-A513-0C2CD211E5EA}"
EndProject
Project("{2150E333-8FDC-42A3-9474-1A3956D46DE8}") = "Basket", "Basket", "{8270E945-A87F-44AB-A748-1FE2E5646EDE}"
EndProject
Project("{2150E333-8FDC-42A3-9474-1A3956D46DE8}") = "Discount", "Discount", "{932D4CAD-1D1A-44EB-98E7-1F6B12981BBB}"
EndProject
Project("{2150E333-8FDC-42A3-9474-1A3956D46DE8}") = "Ordering", "Ordering", "{2EC1D861-4AF3-4705-9BAC-15BE1428700F}"
EndProject
Project("{9A19103F-16F7-4668-BE54-9A1E7A4F7556}") = "Data.IRepositories", "Libraries\Data.IRepositories\Data.IRepositories.csproj", "{55E43157-82E7-4FB1-B077-25061BCB24B3}"
EndProject
Project("{9A19103F-16F7-4668-BE54-9A1E7A4F7556}") = "Basket.API", "Services\Basket\Basket.API\Basket.API.csproj", "{6C20B031-9E42-4FA5-A8DB-36C67DFCD51F}"
EndProject
Project("{9A19103F-16F7-4668-BE54-9A1E7A4F7556}") = "Basket.Application", "Services\Basket\Basket.Application\Basket.Application.csproj", "{720E43B3-D7F5-4D4F-9BA6-FE9F5285832F}"
EndProject
Project("{9A19103F-16F7-4668-BE54-9A1E7A4F7556}") = "Basket.Core", "Services\Basket\Basket.Core\Basket.Core.csproj", "{7C01AE03-5822-49C5-8A7E-697A73087B82}"
EndProject
Project("{9A19103F-16F7-4668-BE54-9A1E7A4F7556}") = "Basket.Infrastructure", "Services\Basket\Basket.Infrastructure\Basket.Infrastructure.csproj", "{7FD3B9CA-E08E-4A7D-9964-2C165EB23DF8}"
EndProject
Project("{9A19103F-16F7-4668-BE54-9A1E7A4F7556}") = "Catalog.API", "Services\Catalog\Catalog.API\Catalog.API.csproj", "{B62574D6-9B95-4B00-8399-49B3217AAC07}"
EndProject
Project("{9A19103F-16F7-4668-BE54-9A1E7A4F7556}") = "Catalog.Application", "Services\Catalog\Catalog.Application\Catalog.Application.csproj", "{2C0A892F-76B4-4E49-BCC2-3F1DB115C8E8}"
EndProject
Project("{9A19103F-16F7-4668-BE54-9A1E7A4F7556}") = "Catalog.Core", "Services\Catalog\Catalog.Core\Catalog.Core.csproj", "{0C54F623-9B14-438A-9851-6948AD28D19B}"
EndProject
Project("{9A19103F-16F7-4668-BE54-9A1E7A4F7556}") = "Catalog.Infrastructure", "Services\Catalog\Catalog.Infrastructure\Catalog.Infrastructure.csproj", "{E4641515-2711-4267-BC57-A804F99FD605}"
EndProject
Project("{9A19103F-16F7-4668-BE54-9A1E7A4F7556}") = "Discount.API", "Services\Discount\Discount.API\Discount.API.csproj", "{A247E53B-4A53-4F77-B805-0D15CC5F51E1}"
EndProject
Project("{9A19103F-16F7-4668-BE54-9A1E7A4F7556}") = "Discount.Application", "Services\Discount\Discount.Application\Discount.Application.csproj", "{E5DA5AE1-0D0D-40C2-9085-85DBBE1E6621}"
EndProject
Project("{9A19103F-16F7-4668-BE54-9A1E7A4F7556}") = "Discount.Core", "Services\Discount\Discount.Core\Discount.Core.csproj", "{68DF67A2-3DC2-41E1-A6F9-5A27574B112A}"
EndProject
Project("{9A19103F-16F7-4668-BE54-9A1E7A4F7556}") = "Discount.Infrastructure", "Services\Discount\Discount.Infrastructure\Discount.Infrastructure.csproj", "{1514022F-E922-4DA6-B910-15BB4F055C42}"
EndProject
Project("{9A19103F-16F7-4668-BE54-9A1E7A4F7556}") = "Ordering.API", "Services\Ordering\Ordering.API\Ordering.API.csproj", "{B647AEF1-B492-4D37-A5DC-2A60CFCDCC49}"
EndProject
Project("{9A19103F-16F7-4668-BE54-9A1E7A4F7556}") = "Ordering.Application", "Services\Ordering\Ordering.Application\Ordering.Application.csproj", "{779BF577-A128-4096-9FA7-5BE14004DA4F}"
EndProject
Project("{9A19103F-16F7-4668-BE54-9A1E7A4F7556}") = "Ordering.Core", "Services\Ordering\Ordering.Core\Ordering.Core.csproj", "{EB001FA6-DD96-427A-9AA7-1FDD16CF486F}"
EndProject
Project("{9A19103F-16F7-4668-BE54-9A1E7A4F7556}") = "Ordering.Infrastructure", "Services\Ordering\Ordering.Infrastructure\Ordering.Infrastructure.csproj", "{431C51F2-0781-4D98-ACC2-EB62EB5FBE36}"
EndProject
Project("{9A19103F-16F7-4668-BE54-9A1E7A4F7556}") = "Cache.Repositories", "Libraries\Cache.Repositories\Cache.Repositories.csproj", "{BA656F2D-0A22-4511-9BF7-8127311A1AEB}"
EndProject
Project("{9A19103F-16F7-4668-BE54-9A1E7A4F7556}") = "Cache.UnitOfWork", "Libraries\Cache.UnitOfWork.Redis\Cache.UnitOfWork.csproj", "{10602238-BE1B-4902-8D9B-FBAA54619FC5}"
EndProject
Project("{9A19103F-16F7-4668-BE54-9A1E7A4F7556}") = "Data.Repositories", "Libraries\Data.Repositories\Data.Repositories.csproj", "{D44DA951-218D-40C9-A99B-69F4392762C5}"
EndProject
Project("{9A19103F-16F7-4668-BE54-9A1E7A4F7556}") = "eShopping.AspNetCore.ExceptionHandling", "Libraries\eShopping.ExceptionHandling\eShopping.AspNetCore.ExceptionHandling.csproj", "{17FBC2DA-D5C5-4ED5-B729-6AC0BC9CC5FF}"
EndProject
Project("{9A19103F-16F7-4668-BE54-9A1E7A4F7556}") = "eShopping.Exceptions", "Libraries\eShopping.Exceptions\eShopping.Exceptions.csproj", "{D58BEDD1-9908-4891-B42E-4BB690A85188}"
EndProject
Project("{9A19103F-16F7-4668-BE54-9A1E7A4F7556}") = "Cache.IRepositories", "Libraries\Cache.IRepositories\Cache.IRepositories.csproj", "{574330E3-D69C-45FF-A14F-488BC6F3589E}"
EndProject
Project("{2150E333-8FDC-42A3-9474-1A3956D46DE8}") = "Gateway", "Gateway", "{4BC4398D-CD63-4753-8D75-4FE1A7B0ECCD}"
EndProject
Project("{9A19103F-16F7-4668-BE54-9A1E7A4F7556}") = "Gateway.API", "Gateway\Gateway.API\Gateway.API.csproj", "{B4D34CEA-6326-43EE-AAF1-69A4F1260F81}"
EndProject
Project("{2150E333-8FDC-42A3-9474-1A3956D46DE8}") = "Users", "Users", "{08B000A7-FAD9-4E63-A202-BBC3D6ECBB7E}"
EndProject
Project("{9A19103F-16F7-4668-BE54-9A1E7A4F7556}") = "eShopping.Models", "Libraries\eShopping.Models\eShopping.Models.csproj", "{FF592854-6850-4C9D-BAE9-5DE8BA9472FE}"
EndProject
Project("{9A19103F-16F7-4668-BE54-9A1E7A4F7556}") = "Users.API", "Services\Users\Users.API\Users.API.csproj", "{04DE3A76-E8E9-4C36-A927-755238C84CF7}"
EndProject
Project("{9A19103F-16F7-4668-BE54-9A1E7A4F7556}") = "Users.Application", "Services\Users\Users.Application\Users.Application.csproj", "{1F47B2E4-529F-46F1-869F-E12D68395E5B}"
EndProject
Project("{9A19103F-16F7-4668-BE54-9A1E7A4F7556}") = "Users.Core", "Services\Users\Users.Core\Users.Core.csproj", "{3F6073DA-EFD7-41A9-90E5-FACC0A5D7223}"
EndProject
Project("{9A19103F-16F7-4668-BE54-9A1E7A4F7556}") = "Users.Infrastructure", "Services\Users\Users.Infrastructure\Users.Infrastructure.csproj", "{8D956F16-AF4F-420D-B941-14C617D662DF}"
EndProject
Project("{9A19103F-16F7-4668-BE54-9A1E7A4F7556}") = "eShopping.Constants", "Libraries\eShopping.Constants\eShopping.Constants.csproj", "{3773792A-E3BB-4558-B777-3719B31E83EB}"
EndProject
Project("{9A19103F-16F7-4668-BE54-9A1E7A4F7556}") = "eShopping.Security", "Libraries\eShopping.Security\eShopping.Security.csproj", "{0C8AAAD8-8167-4ABE-B2CB-1F6E027DB652}"
EndProject
Project("{9A19103F-16F7-4668-BE54-9A1E7A4F7556}") = "eShopping.MailMan", "Libraries\eShopping.MailMan\eShopping.MailMan.csproj", "{28EA888B-EBC8-4D57-9C26-FA0366A2798C}"
EndProject
Project("{FAE04EC0-301F-11D3-BF4B-00C04F79EFBC}") = "eShopping.MessageBrocker", "Libraries\eShopping.MessageBrocker\eShopping.MessageBrocker.csproj", "{98D3F75A-5C5A-4597-BEA1-943450E8AECD}"
EndProject
Global
	GlobalSection(SolutionConfigurationPlatforms) = preSolution
		Debug|Any CPU = Debug|Any CPU
		Release|Any CPU = Release|Any CPU
	EndGlobalSection
	GlobalSection(ProjectConfigurationPlatforms) = postSolution
		{EFA9645B-05F5-4C5F-A513-0C2CD211E5EA}.Debug|Any CPU.ActiveCfg = Debug|Any CPU
		{EFA9645B-05F5-4C5F-A513-0C2CD211E5EA}.Debug|Any CPU.Build.0 = Debug|Any CPU
		{EFA9645B-05F5-4C5F-A513-0C2CD211E5EA}.Release|Any CPU.ActiveCfg = Release|Any CPU
		{EFA9645B-05F5-4C5F-A513-0C2CD211E5EA}.Release|Any CPU.Build.0 = Release|Any CPU
		{55E43157-82E7-4FB1-B077-25061BCB24B3}.Debug|Any CPU.ActiveCfg = Debug|Any CPU
		{55E43157-82E7-4FB1-B077-25061BCB24B3}.Debug|Any CPU.Build.0 = Debug|Any CPU
		{55E43157-82E7-4FB1-B077-25061BCB24B3}.Release|Any CPU.ActiveCfg = Release|Any CPU
		{55E43157-82E7-4FB1-B077-25061BCB24B3}.Release|Any CPU.Build.0 = Release|Any CPU
		{6C20B031-9E42-4FA5-A8DB-36C67DFCD51F}.Debug|Any CPU.ActiveCfg = Debug|Any CPU
		{6C20B031-9E42-4FA5-A8DB-36C67DFCD51F}.Debug|Any CPU.Build.0 = Debug|Any CPU
		{6C20B031-9E42-4FA5-A8DB-36C67DFCD51F}.Release|Any CPU.ActiveCfg = Release|Any CPU
		{6C20B031-9E42-4FA5-A8DB-36C67DFCD51F}.Release|Any CPU.Build.0 = Release|Any CPU
		{720E43B3-D7F5-4D4F-9BA6-FE9F5285832F}.Debug|Any CPU.ActiveCfg = Debug|Any CPU
		{720E43B3-D7F5-4D4F-9BA6-FE9F5285832F}.Debug|Any CPU.Build.0 = Debug|Any CPU
		{720E43B3-D7F5-4D4F-9BA6-FE9F5285832F}.Release|Any CPU.ActiveCfg = Release|Any CPU
		{720E43B3-D7F5-4D4F-9BA6-FE9F5285832F}.Release|Any CPU.Build.0 = Release|Any CPU
		{7C01AE03-5822-49C5-8A7E-697A73087B82}.Debug|Any CPU.ActiveCfg = Debug|Any CPU
		{7C01AE03-5822-49C5-8A7E-697A73087B82}.Debug|Any CPU.Build.0 = Debug|Any CPU
		{7C01AE03-5822-49C5-8A7E-697A73087B82}.Release|Any CPU.ActiveCfg = Release|Any CPU
		{7C01AE03-5822-49C5-8A7E-697A73087B82}.Release|Any CPU.Build.0 = Release|Any CPU
		{7FD3B9CA-E08E-4A7D-9964-2C165EB23DF8}.Debug|Any CPU.ActiveCfg = Debug|Any CPU
		{7FD3B9CA-E08E-4A7D-9964-2C165EB23DF8}.Debug|Any CPU.Build.0 = Debug|Any CPU
		{7FD3B9CA-E08E-4A7D-9964-2C165EB23DF8}.Release|Any CPU.ActiveCfg = Release|Any CPU
		{7FD3B9CA-E08E-4A7D-9964-2C165EB23DF8}.Release|Any CPU.Build.0 = Release|Any CPU
		{B62574D6-9B95-4B00-8399-49B3217AAC07}.Debug|Any CPU.ActiveCfg = Debug|Any CPU
		{B62574D6-9B95-4B00-8399-49B3217AAC07}.Debug|Any CPU.Build.0 = Debug|Any CPU
		{B62574D6-9B95-4B00-8399-49B3217AAC07}.Release|Any CPU.ActiveCfg = Release|Any CPU
		{B62574D6-9B95-4B00-8399-49B3217AAC07}.Release|Any CPU.Build.0 = Release|Any CPU
		{2C0A892F-76B4-4E49-BCC2-3F1DB115C8E8}.Debug|Any CPU.ActiveCfg = Debug|Any CPU
		{2C0A892F-76B4-4E49-BCC2-3F1DB115C8E8}.Debug|Any CPU.Build.0 = Debug|Any CPU
		{2C0A892F-76B4-4E49-BCC2-3F1DB115C8E8}.Release|Any CPU.ActiveCfg = Release|Any CPU
		{2C0A892F-76B4-4E49-BCC2-3F1DB115C8E8}.Release|Any CPU.Build.0 = Release|Any CPU
		{0C54F623-9B14-438A-9851-6948AD28D19B}.Debug|Any CPU.ActiveCfg = Debug|Any CPU
		{0C54F623-9B14-438A-9851-6948AD28D19B}.Debug|Any CPU.Build.0 = Debug|Any CPU
		{0C54F623-9B14-438A-9851-6948AD28D19B}.Release|Any CPU.ActiveCfg = Release|Any CPU
		{0C54F623-9B14-438A-9851-6948AD28D19B}.Release|Any CPU.Build.0 = Release|Any CPU
		{E4641515-2711-4267-BC57-A804F99FD605}.Debug|Any CPU.ActiveCfg = Debug|Any CPU
		{E4641515-2711-4267-BC57-A804F99FD605}.Debug|Any CPU.Build.0 = Debug|Any CPU
		{E4641515-2711-4267-BC57-A804F99FD605}.Release|Any CPU.ActiveCfg = Release|Any CPU
		{E4641515-2711-4267-BC57-A804F99FD605}.Release|Any CPU.Build.0 = Release|Any CPU
		{A247E53B-4A53-4F77-B805-0D15CC5F51E1}.Debug|Any CPU.ActiveCfg = Debug|Any CPU
		{A247E53B-4A53-4F77-B805-0D15CC5F51E1}.Debug|Any CPU.Build.0 = Debug|Any CPU
		{A247E53B-4A53-4F77-B805-0D15CC5F51E1}.Release|Any CPU.ActiveCfg = Release|Any CPU
		{A247E53B-4A53-4F77-B805-0D15CC5F51E1}.Release|Any CPU.Build.0 = Release|Any CPU
		{E5DA5AE1-0D0D-40C2-9085-85DBBE1E6621}.Debug|Any CPU.ActiveCfg = Debug|Any CPU
		{E5DA5AE1-0D0D-40C2-9085-85DBBE1E6621}.Debug|Any CPU.Build.0 = Debug|Any CPU
		{E5DA5AE1-0D0D-40C2-9085-85DBBE1E6621}.Release|Any CPU.ActiveCfg = Release|Any CPU
		{E5DA5AE1-0D0D-40C2-9085-85DBBE1E6621}.Release|Any CPU.Build.0 = Release|Any CPU
		{68DF67A2-3DC2-41E1-A6F9-5A27574B112A}.Debug|Any CPU.ActiveCfg = Debug|Any CPU
		{68DF67A2-3DC2-41E1-A6F9-5A27574B112A}.Debug|Any CPU.Build.0 = Debug|Any CPU
		{68DF67A2-3DC2-41E1-A6F9-5A27574B112A}.Release|Any CPU.ActiveCfg = Release|Any CPU
		{68DF67A2-3DC2-41E1-A6F9-5A27574B112A}.Release|Any CPU.Build.0 = Release|Any CPU
		{1514022F-E922-4DA6-B910-15BB4F055C42}.Debug|Any CPU.ActiveCfg = Debug|Any CPU
		{1514022F-E922-4DA6-B910-15BB4F055C42}.Debug|Any CPU.Build.0 = Debug|Any CPU
		{1514022F-E922-4DA6-B910-15BB4F055C42}.Release|Any CPU.ActiveCfg = Release|Any CPU
		{1514022F-E922-4DA6-B910-15BB4F055C42}.Release|Any CPU.Build.0 = Release|Any CPU
		{B647AEF1-B492-4D37-A5DC-2A60CFCDCC49}.Debug|Any CPU.ActiveCfg = Debug|Any CPU
		{B647AEF1-B492-4D37-A5DC-2A60CFCDCC49}.Debug|Any CPU.Build.0 = Debug|Any CPU
		{B647AEF1-B492-4D37-A5DC-2A60CFCDCC49}.Release|Any CPU.ActiveCfg = Release|Any CPU
		{B647AEF1-B492-4D37-A5DC-2A60CFCDCC49}.Release|Any CPU.Build.0 = Release|Any CPU
		{779BF577-A128-4096-9FA7-5BE14004DA4F}.Debug|Any CPU.ActiveCfg = Debug|Any CPU
		{779BF577-A128-4096-9FA7-5BE14004DA4F}.Debug|Any CPU.Build.0 = Debug|Any CPU
		{779BF577-A128-4096-9FA7-5BE14004DA4F}.Release|Any CPU.ActiveCfg = Release|Any CPU
		{779BF577-A128-4096-9FA7-5BE14004DA4F}.Release|Any CPU.Build.0 = Release|Any CPU
		{EB001FA6-DD96-427A-9AA7-1FDD16CF486F}.Debug|Any CPU.ActiveCfg = Debug|Any CPU
		{EB001FA6-DD96-427A-9AA7-1FDD16CF486F}.Debug|Any CPU.Build.0 = Debug|Any CPU
		{EB001FA6-DD96-427A-9AA7-1FDD16CF486F}.Release|Any CPU.ActiveCfg = Release|Any CPU
		{EB001FA6-DD96-427A-9AA7-1FDD16CF486F}.Release|Any CPU.Build.0 = Release|Any CPU
		{431C51F2-0781-4D98-ACC2-EB62EB5FBE36}.Debug|Any CPU.ActiveCfg = Debug|Any CPU
		{431C51F2-0781-4D98-ACC2-EB62EB5FBE36}.Debug|Any CPU.Build.0 = Debug|Any CPU
		{431C51F2-0781-4D98-ACC2-EB62EB5FBE36}.Release|Any CPU.ActiveCfg = Release|Any CPU
		{431C51F2-0781-4D98-ACC2-EB62EB5FBE36}.Release|Any CPU.Build.0 = Release|Any CPU
		{BA656F2D-0A22-4511-9BF7-8127311A1AEB}.Debug|Any CPU.ActiveCfg = Debug|Any CPU
		{BA656F2D-0A22-4511-9BF7-8127311A1AEB}.Debug|Any CPU.Build.0 = Debug|Any CPU
		{BA656F2D-0A22-4511-9BF7-8127311A1AEB}.Release|Any CPU.ActiveCfg = Release|Any CPU
		{BA656F2D-0A22-4511-9BF7-8127311A1AEB}.Release|Any CPU.Build.0 = Release|Any CPU
		{10602238-BE1B-4902-8D9B-FBAA54619FC5}.Debug|Any CPU.ActiveCfg = Debug|Any CPU
		{10602238-BE1B-4902-8D9B-FBAA54619FC5}.Debug|Any CPU.Build.0 = Debug|Any CPU
		{10602238-BE1B-4902-8D9B-FBAA54619FC5}.Release|Any CPU.ActiveCfg = Release|Any CPU
		{10602238-BE1B-4902-8D9B-FBAA54619FC5}.Release|Any CPU.Build.0 = Release|Any CPU
		{D44DA951-218D-40C9-A99B-69F4392762C5}.Debug|Any CPU.ActiveCfg = Debug|Any CPU
		{D44DA951-218D-40C9-A99B-69F4392762C5}.Debug|Any CPU.Build.0 = Debug|Any CPU
		{D44DA951-218D-40C9-A99B-69F4392762C5}.Release|Any CPU.ActiveCfg = Release|Any CPU
		{D44DA951-218D-40C9-A99B-69F4392762C5}.Release|Any CPU.Build.0 = Release|Any CPU
		{17FBC2DA-D5C5-4ED5-B729-6AC0BC9CC5FF}.Debug|Any CPU.ActiveCfg = Debug|Any CPU
		{17FBC2DA-D5C5-4ED5-B729-6AC0BC9CC5FF}.Debug|Any CPU.Build.0 = Debug|Any CPU
		{17FBC2DA-D5C5-4ED5-B729-6AC0BC9CC5FF}.Release|Any CPU.ActiveCfg = Release|Any CPU
		{17FBC2DA-D5C5-4ED5-B729-6AC0BC9CC5FF}.Release|Any CPU.Build.0 = Release|Any CPU
		{D58BEDD1-9908-4891-B42E-4BB690A85188}.Debug|Any CPU.ActiveCfg = Debug|Any CPU
		{D58BEDD1-9908-4891-B42E-4BB690A85188}.Debug|Any CPU.Build.0 = Debug|Any CPU
		{D58BEDD1-9908-4891-B42E-4BB690A85188}.Release|Any CPU.ActiveCfg = Release|Any CPU
		{D58BEDD1-9908-4891-B42E-4BB690A85188}.Release|Any CPU.Build.0 = Release|Any CPU
		{574330E3-D69C-45FF-A14F-488BC6F3589E}.Debug|Any CPU.ActiveCfg = Debug|Any CPU
		{574330E3-D69C-45FF-A14F-488BC6F3589E}.Debug|Any CPU.Build.0 = Debug|Any CPU
		{574330E3-D69C-45FF-A14F-488BC6F3589E}.Release|Any CPU.ActiveCfg = Release|Any CPU
		{574330E3-D69C-45FF-A14F-488BC6F3589E}.Release|Any CPU.Build.0 = Release|Any CPU
		{B4D34CEA-6326-43EE-AAF1-69A4F1260F81}.Debug|Any CPU.ActiveCfg = Debug|Any CPU
		{B4D34CEA-6326-43EE-AAF1-69A4F1260F81}.Debug|Any CPU.Build.0 = Debug|Any CPU
		{B4D34CEA-6326-43EE-AAF1-69A4F1260F81}.Release|Any CPU.ActiveCfg = Release|Any CPU
		{B4D34CEA-6326-43EE-AAF1-69A4F1260F81}.Release|Any CPU.Build.0 = Release|Any CPU
		{FF592854-6850-4C9D-BAE9-5DE8BA9472FE}.Debug|Any CPU.ActiveCfg = Debug|Any CPU
		{FF592854-6850-4C9D-BAE9-5DE8BA9472FE}.Debug|Any CPU.Build.0 = Debug|Any CPU
		{FF592854-6850-4C9D-BAE9-5DE8BA9472FE}.Release|Any CPU.ActiveCfg = Release|Any CPU
		{FF592854-6850-4C9D-BAE9-5DE8BA9472FE}.Release|Any CPU.Build.0 = Release|Any CPU
		{04DE3A76-E8E9-4C36-A927-755238C84CF7}.Debug|Any CPU.ActiveCfg = Debug|Any CPU
		{04DE3A76-E8E9-4C36-A927-755238C84CF7}.Debug|Any CPU.Build.0 = Debug|Any CPU
		{04DE3A76-E8E9-4C36-A927-755238C84CF7}.Release|Any CPU.ActiveCfg = Release|Any CPU
		{04DE3A76-E8E9-4C36-A927-755238C84CF7}.Release|Any CPU.Build.0 = Release|Any CPU
		{1F47B2E4-529F-46F1-869F-E12D68395E5B}.Debug|Any CPU.ActiveCfg = Debug|Any CPU
		{1F47B2E4-529F-46F1-869F-E12D68395E5B}.Debug|Any CPU.Build.0 = Debug|Any CPU
		{1F47B2E4-529F-46F1-869F-E12D68395E5B}.Release|Any CPU.ActiveCfg = Release|Any CPU
		{1F47B2E4-529F-46F1-869F-E12D68395E5B}.Release|Any CPU.Build.0 = Release|Any CPU
		{3F6073DA-EFD7-41A9-90E5-FACC0A5D7223}.Debug|Any CPU.ActiveCfg = Debug|Any CPU
		{3F6073DA-EFD7-41A9-90E5-FACC0A5D7223}.Debug|Any CPU.Build.0 = Debug|Any CPU
		{3F6073DA-EFD7-41A9-90E5-FACC0A5D7223}.Release|Any CPU.ActiveCfg = Release|Any CPU
		{3F6073DA-EFD7-41A9-90E5-FACC0A5D7223}.Release|Any CPU.Build.0 = Release|Any CPU
		{8D956F16-AF4F-420D-B941-14C617D662DF}.Debug|Any CPU.ActiveCfg = Debug|Any CPU
		{8D956F16-AF4F-420D-B941-14C617D662DF}.Debug|Any CPU.Build.0 = Debug|Any CPU
		{8D956F16-AF4F-420D-B941-14C617D662DF}.Release|Any CPU.ActiveCfg = Release|Any CPU
		{8D956F16-AF4F-420D-B941-14C617D662DF}.Release|Any CPU.Build.0 = Release|Any CPU
		{3773792A-E3BB-4558-B777-3719B31E83EB}.Debug|Any CPU.ActiveCfg = Debug|Any CPU
		{3773792A-E3BB-4558-B777-3719B31E83EB}.Debug|Any CPU.Build.0 = Debug|Any CPU
		{3773792A-E3BB-4558-B777-3719B31E83EB}.Release|Any CPU.ActiveCfg = Release|Any CPU
		{3773792A-E3BB-4558-B777-3719B31E83EB}.Release|Any CPU.Build.0 = Release|Any CPU
		{0C8AAAD8-8167-4ABE-B2CB-1F6E027DB652}.Debug|Any CPU.ActiveCfg = Debug|Any CPU
		{0C8AAAD8-8167-4ABE-B2CB-1F6E027DB652}.Debug|Any CPU.Build.0 = Debug|Any CPU
		{0C8AAAD8-8167-4ABE-B2CB-1F6E027DB652}.Release|Any CPU.ActiveCfg = Release|Any CPU
		{0C8AAAD8-8167-4ABE-B2CB-1F6E027DB652}.Release|Any CPU.Build.0 = Release|Any CPU
		{28EA888B-EBC8-4D57-9C26-FA0366A2798C}.Debug|Any CPU.ActiveCfg = Debug|Any CPU
		{28EA888B-EBC8-4D57-9C26-FA0366A2798C}.Debug|Any CPU.Build.0 = Debug|Any CPU
		{28EA888B-EBC8-4D57-9C26-FA0366A2798C}.Release|Any CPU.ActiveCfg = Release|Any CPU
		{28EA888B-EBC8-4D57-9C26-FA0366A2798C}.Release|Any CPU.Build.0 = Release|Any CPU
		{98D3F75A-5C5A-4597-BEA1-943450E8AECD}.Debug|Any CPU.ActiveCfg = Debug|Any CPU
		{98D3F75A-5C5A-4597-BEA1-943450E8AECD}.Debug|Any CPU.Build.0 = Debug|Any CPU
		{98D3F75A-5C5A-4597-BEA1-943450E8AECD}.Release|Any CPU.ActiveCfg = Release|Any CPU
		{98D3F75A-5C5A-4597-BEA1-943450E8AECD}.Release|Any CPU.Build.0 = Release|Any CPU
	EndGlobalSection
	GlobalSection(SolutionProperties) = preSolution
		HideSolutionNode = FALSE
	EndGlobalSection
	GlobalSection(NestedProjects) = preSolution
		{97E8359F-C00C-4C2D-9F4C-EF5A0E3C455A} = {03BB38D9-C481-4E68-A454-16FC04167F5B}
		{8270E945-A87F-44AB-A748-1FE2E5646EDE} = {03BB38D9-C481-4E68-A454-16FC04167F5B}
		{932D4CAD-1D1A-44EB-98E7-1F6B12981BBB} = {03BB38D9-C481-4E68-A454-16FC04167F5B}
		{2EC1D861-4AF3-4705-9BAC-15BE1428700F} = {03BB38D9-C481-4E68-A454-16FC04167F5B}
		{55E43157-82E7-4FB1-B077-25061BCB24B3} = {9E8E6F41-17E2-487E-A1F3-165E63694C21}
		{6C20B031-9E42-4FA5-A8DB-36C67DFCD51F} = {8270E945-A87F-44AB-A748-1FE2E5646EDE}
		{720E43B3-D7F5-4D4F-9BA6-FE9F5285832F} = {8270E945-A87F-44AB-A748-1FE2E5646EDE}
		{7C01AE03-5822-49C5-8A7E-697A73087B82} = {8270E945-A87F-44AB-A748-1FE2E5646EDE}
		{7FD3B9CA-E08E-4A7D-9964-2C165EB23DF8} = {8270E945-A87F-44AB-A748-1FE2E5646EDE}
		{B62574D6-9B95-4B00-8399-49B3217AAC07} = {97E8359F-C00C-4C2D-9F4C-EF5A0E3C455A}
		{2C0A892F-76B4-4E49-BCC2-3F1DB115C8E8} = {97E8359F-C00C-4C2D-9F4C-EF5A0E3C455A}
		{0C54F623-9B14-438A-9851-6948AD28D19B} = {97E8359F-C00C-4C2D-9F4C-EF5A0E3C455A}
		{E4641515-2711-4267-BC57-A804F99FD605} = {97E8359F-C00C-4C2D-9F4C-EF5A0E3C455A}
		{A247E53B-4A53-4F77-B805-0D15CC5F51E1} = {932D4CAD-1D1A-44EB-98E7-1F6B12981BBB}
		{E5DA5AE1-0D0D-40C2-9085-85DBBE1E6621} = {932D4CAD-1D1A-44EB-98E7-1F6B12981BBB}
		{68DF67A2-3DC2-41E1-A6F9-5A27574B112A} = {932D4CAD-1D1A-44EB-98E7-1F6B12981BBB}
		{1514022F-E922-4DA6-B910-15BB4F055C42} = {932D4CAD-1D1A-44EB-98E7-1F6B12981BBB}
		{B647AEF1-B492-4D37-A5DC-2A60CFCDCC49} = {2EC1D861-4AF3-4705-9BAC-15BE1428700F}
		{779BF577-A128-4096-9FA7-5BE14004DA4F} = {2EC1D861-4AF3-4705-9BAC-15BE1428700F}
		{EB001FA6-DD96-427A-9AA7-1FDD16CF486F} = {2EC1D861-4AF3-4705-9BAC-15BE1428700F}
		{431C51F2-0781-4D98-ACC2-EB62EB5FBE36} = {2EC1D861-4AF3-4705-9BAC-15BE1428700F}
		{BA656F2D-0A22-4511-9BF7-8127311A1AEB} = {9E8E6F41-17E2-487E-A1F3-165E63694C21}
		{10602238-BE1B-4902-8D9B-FBAA54619FC5} = {9E8E6F41-17E2-487E-A1F3-165E63694C21}
		{D44DA951-218D-40C9-A99B-69F4392762C5} = {9E8E6F41-17E2-487E-A1F3-165E63694C21}
		{17FBC2DA-D5C5-4ED5-B729-6AC0BC9CC5FF} = {9E8E6F41-17E2-487E-A1F3-165E63694C21}
		{D58BEDD1-9908-4891-B42E-4BB690A85188} = {9E8E6F41-17E2-487E-A1F3-165E63694C21}
		{574330E3-D69C-45FF-A14F-488BC6F3589E} = {9E8E6F41-17E2-487E-A1F3-165E63694C21}
		{B4D34CEA-6326-43EE-AAF1-69A4F1260F81} = {4BC4398D-CD63-4753-8D75-4FE1A7B0ECCD}
		{08B000A7-FAD9-4E63-A202-BBC3D6ECBB7E} = {03BB38D9-C481-4E68-A454-16FC04167F5B}
		{FF592854-6850-4C9D-BAE9-5DE8BA9472FE} = {9E8E6F41-17E2-487E-A1F3-165E63694C21}
		{04DE3A76-E8E9-4C36-A927-755238C84CF7} = {08B000A7-FAD9-4E63-A202-BBC3D6ECBB7E}
		{1F47B2E4-529F-46F1-869F-E12D68395E5B} = {08B000A7-FAD9-4E63-A202-BBC3D6ECBB7E}
		{3F6073DA-EFD7-41A9-90E5-FACC0A5D7223} = {08B000A7-FAD9-4E63-A202-BBC3D6ECBB7E}
		{8D956F16-AF4F-420D-B941-14C617D662DF} = {08B000A7-FAD9-4E63-A202-BBC3D6ECBB7E}
		{3773792A-E3BB-4558-B777-3719B31E83EB} = {9E8E6F41-17E2-487E-A1F3-165E63694C21}
		{0C8AAAD8-8167-4ABE-B2CB-1F6E027DB652} = {9E8E6F41-17E2-487E-A1F3-165E63694C21}
		{28EA888B-EBC8-4D57-9C26-FA0366A2798C} = {9E8E6F41-17E2-487E-A1F3-165E63694C21}
		{98D3F75A-5C5A-4597-BEA1-943450E8AECD} = {9E8E6F41-17E2-487E-A1F3-165E63694C21}
	EndGlobalSection
	GlobalSection(ExtensibilityGlobals) = postSolution
		SolutionGuid = {8C725E23-CD54-4600-9DE7-67837E486BA6}
	EndGlobalSection
EndGlobal
